<?xml version="1.0" encoding="UTF-8" standalone="yes" ?>
<CodeBlocks_project_file>
	<FileVersion major="1" minor="6" />
	<Project>
		<Option title="moteur_onea" />
		<Option pch_mode="2" />
		<Option compiler="gcc" />
		<Build>
			<Target title="Debug">
				<Option output="bin/Debug/moteur_onea" prefix_auto="1" extension_auto="1" />
				<Option object_output="obj/Debug/" />
				<Option type="1" />
				<Option compiler="gcc" />
				<Compiler>
					<Add option="-std=c++11" />
					<Add option="-g" />
				</Compiler>
				<Linker>
					<Add library="sfml-graphics" />
					<Add library="sfml-window" />
					<Add library="sfml-system" />
					<Add library="tinyxml" />
				</Linker>
			</Target>
			<Target title="Release">
				<Option output="bin/Release/moteur_onea" prefix_auto="1" extension_auto="1" />
				<Option object_output="obj/Release/" />
				<Option type="0" />
				<Option compiler="gcc" />
				<Compiler>
					<Add option="-O2" />
				</Compiler>
				<Linker>
					<Add option="-s" />
					<Add library="sfml-graphics" />
					<Add library="sfml-window" />
					<Add library="sfml-system" />
				</Linker>
			</Target>
		</Build>
		<Compiler>
			<Add option="-Wall" />
		</Compiler>
		<Unit filename="cb.bmp" />
		<Unit filename="main.cpp" />
		<Unit filename="src/Carte/Liste.hpp" />
		<Unit filename="src/Carte/ListeTexture.cpp" />
		<Unit filename="src/Carte/ListeTexture.hpp" />
		<Unit filename="src/Carte/ListeTileSet.cpp" />
		<Unit filename="src/Carte/ListeTileSet.hpp" />
		<Unit filename="src/Carte/Loader.hpp" />
		<Unit filename="src/Carte/MapLoader.cpp" />
		<Unit filename="src/Carte/MapLoader.hpp" />
		<Unit filename="src/Carte/TextureLoader.cpp" />
		<Unit filename="src/Carte/TextureLoader.hpp" />
		<Unit filename="src/Carte/Tile.cpp" />
		<Unit filename="src/Carte/Tile.hpp" />
		<Unit filename="src/Carte/TileLoader.hpp" />
		<Unit filename="src/Carte/TileSet.cpp" />
		<Unit filename="src/Carte/TileSet.hpp" />
		<Unit filename="src/Carte/TileSetLoader.cpp" />
		<Unit filename="src/Carte/TileSetLoader.hpp" />
		<Unit filename="src/Entite.cpp" />
		<Unit filename="src/Entite.hpp" />
		<Unit filename="src/LigneShape.hpp" />
		<Unit filename="src/Lumiere.cpp" />
		<Unit filename="src/Lumiere.hpp" />
		<Unit filename="src/LumiereDirectionelle.cpp" />
		<Unit filename="src/LumiereDirectionelle.hpp" />
		<Unit filename="src/RectangleShape.hpp" />
		<Unit filename="src/Shape.hpp" />
		<Unit filename="src/Triangle.cpp" />
		<Unit filename="src/Triangle.hpp" />
		<Extensions>
			<code_completion />
			<envvars />
			<debugger />
			<lib_finder disable_auto="1" />
		</Extensions>
	</Project>
</CodeBlocks_project_file>
